// !$*UTF8*$!
{
	archiveVersion = 1;
	classes = {
	};
	objectVersion = 46;
	objects = {

/* Begin PBXBuildFile section */
		C1859322151D8577003789A5 /* tf.geom in Sources */ = {isa = PBXBuildFile; fileRef = C1859321151D8577003789A5 /* tf.geom */; };
		C1859324151D858A003789A5 /* tf.geom in CopyFiles */ = {isa = PBXBuildFile; fileRef = C1859321151D8577003789A5 /* tf.geom */; };
		C1DB7BEF15186054000E10BA /* main.cpp in Sources */ = {isa = PBXBuildFile; fileRef = C1DB7BEE15186054000E10BA /* main.cpp */; };
		C1DB7BF115186054000E10BA /* TFShader.1 in CopyFiles */ = {isa = PBXBuildFile; fileRef = C1DB7BF015186054000E10BA /* TFShader.1 */; };
		C1DB7BF815186078000E10BA /* GLUT.framework in Frameworks */ = {isa = PBXBuildFile; fileRef = C1DB7BF715186078000E10BA /* GLUT.framework */; };
		C1DB7BFA1518607F000E10BA /* OpenGL.framework in Frameworks */ = {isa = PBXBuildFile; fileRef = C1DB7BF91518607F000E10BA /* OpenGL.framework */; };
		C1DB7BFC151869ED000E10BA /* TFVisualizer.cpp in Sources */ = {isa = PBXBuildFile; fileRef = C1DB7BFB151869ED000E10BA /* TFVisualizer.cpp */; };
		C1DB7C0015186D45000E10BA /* tf.vert in Sources */ = {isa = PBXBuildFile; fileRef = C1DB7BFF15186D45000E10BA /* tf.vert */; };
		C1DB7C0215186D4F000E10BA /* tf.frag in Sources */ = {isa = PBXBuildFile; fileRef = C1DB7C0115186D4F000E10BA /* tf.frag */; };
		C1DB7C0515186E5E000E10BA /* tf.vert in CopyFiles */ = {isa = PBXBuildFile; fileRef = C1DB7BFF15186D45000E10BA /* tf.vert */; };
		C1DB7C0615186E5E000E10BA /* tf.frag in CopyFiles */ = {isa = PBXBuildFile; fileRef = C1DB7C0115186D4F000E10BA /* tf.frag */; };
		C1DB7C0A1518722C000E10BA /* ShaderManager.cpp in Sources */ = {isa = PBXBuildFile; fileRef = C1DB7C091518722C000E10BA /* ShaderManager.cpp */; };
/* End PBXBuildFile section */

/* Begin PBXCopyFilesBuildPhase section */
		C1DB7BE815186054000E10BA /* CopyFiles */ = {
			isa = PBXCopyFilesBuildPhase;
			buildActionMask = 2147483647;
			dstPath = /usr/share/man/man1/;
			dstSubfolderSpec = 0;
			files = (
				C1DB7BF115186054000E10BA /* TFShader.1 in CopyFiles */,
			);
			runOnlyForDeploymentPostprocessing = 1;
		};
		C1DB7C0415186DA0000E10BA /* CopyFiles */ = {
			isa = PBXCopyFilesBuildPhase;
			buildActionMask = 2147483647;
			dstPath = "";
			dstSubfolderSpec = 6;
			files = (
				C1DB7C0515186E5E000E10BA /* tf.vert in CopyFiles */,
				C1DB7C0615186E5E000E10BA /* tf.frag in CopyFiles */,
				C1859324151D858A003789A5 /* tf.geom in CopyFiles */,
			);
			runOnlyForDeploymentPostprocessing = 0;
		};
/* End PBXCopyFilesBuildPhase section */

/* Begin PBXFileReference section */
		C1859321151D8577003789A5 /* tf.geom */ = {isa = PBXFileReference; fileEncoding = 4; lastKnownFileType = sourcecode.glsl; path = tf.geom; sourceTree = "<group>"; };
		C1DB7BEA15186054000E10BA /* TFShader */ = {isa = PBXFileReference; explicitFileType = "compiled.mach-o.executable"; includeInIndex = 0; path = TFShader; sourceTree = BUILT_PRODUCTS_DIR; };
		C1DB7BEE15186054000E10BA /* main.cpp */ = {isa = PBXFileReference; lastKnownFileType = sourcecode.cpp.cpp; path = main.cpp; sourceTree = "<group>"; };
		C1DB7BF015186054000E10BA /* TFShader.1 */ = {isa = PBXFileReference; lastKnownFileType = text.man; path = TFShader.1; sourceTree = "<group>"; };
		C1DB7BF715186078000E10BA /* GLUT.framework */ = {isa = PBXFileReference; lastKnownFileType = wrapper.framework; name = GLUT.framework; path = System/Library/Frameworks/GLUT.framework; sourceTree = SDKROOT; };
		C1DB7BF91518607F000E10BA /* OpenGL.framework */ = {isa = PBXFileReference; lastKnownFileType = wrapper.framework; name = OpenGL.framework; path = System/Library/Frameworks/OpenGL.framework; sourceTree = SDKROOT; };
		C1DB7BFB151869ED000E10BA /* TFVisualizer.cpp */ = {isa = PBXFileReference; fileEncoding = 4; lastKnownFileType = sourcecode.cpp.cpp; path = TFVisualizer.cpp; sourceTree = "<group>"; };
		C1DB7BFD151869FE000E10BA /* TFVisualizer.h */ = {isa = PBXFileReference; fileEncoding = 4; lastKnownFileType = sourcecode.c.h; path = TFVisualizer.h; sourceTree = "<group>"; };
		C1DB7BFF15186D45000E10BA /* tf.vert */ = {isa = PBXFileReference; fileEncoding = 4; lastKnownFileType = sourcecode.glsl; path = tf.vert; sourceTree = "<group>"; };
		C1DB7C0115186D4F000E10BA /* tf.frag */ = {isa = PBXFileReference; fileEncoding = 4; lastKnownFileType = sourcecode.glsl; path = tf.frag; sourceTree = "<group>"; };
		C1DB7C0715186E96000E10BA /* utils.h */ = {isa = PBXFileReference; fileEncoding = 4; lastKnownFileType = sourcecode.c.h; path = utils.h; sourceTree = "<group>"; };
		C1DB7C0815187220000E10BA /* ShaderManager.h */ = {isa = PBXFileReference; fileEncoding = 4; lastKnownFileType = sourcecode.c.h; path = ShaderManager.h; sourceTree = "<group>"; };
		C1DB7C091518722C000E10BA /* ShaderManager.cpp */ = {isa = PBXFileReference; fileEncoding = 4; lastKnownFileType = sourcecode.cpp.cpp; path = ShaderManager.cpp; sourceTree = "<group>"; };
/* End PBXFileReference section */

/* Begin PBXFrameworksBuildPhase section */
		C1DB7BE715186054000E10BA /* Frameworks */ = {
			isa = PBXFrameworksBuildPhase;
			buildActionMask = 2147483647;
			files = (
				C1DB7BFA1518607F000E10BA /* OpenGL.framework in Frameworks */,
				C1DB7BF815186078000E10BA /* GLUT.framework in Frameworks */,
			);
			runOnlyForDeploymentPostprocessing = 0;
		};
/* End PBXFrameworksBuildPhase section */

/* Begin PBXGroup section */
		C1DB7BDF15186054000E10BA = {
			isa = PBXGroup;
			children = (
				C1DB7BF91518607F000E10BA /* OpenGL.framework */,
				C1DB7BF715186078000E10BA /* GLUT.framework */,
				C1DB7BED15186054000E10BA /* TFShader */,
				C1DB7BEB15186054000E10BA /* Products */,
			);
			sourceTree = "<group>";
		};
		C1DB7BEB15186054000E10BA /* Products */ = {
			isa = PBXGroup;
			children = (
				C1DB7BEA15186054000E10BA /* TFShader */,
			);
			name = Products;
			sourceTree = "<group>";
		};
		C1DB7BED15186054000E10BA /* TFShader */ = {
			isa = PBXGroup;
			children = (
				C1DB7BFE15186D31000E10BA /* shaders */,
				C1DB7BEE15186054000E10BA /* main.cpp */,
				C1DB7BF015186054000E10BA /* TFShader.1 */,
				C1DB7BFB151869ED000E10BA /* TFVisualizer.cpp */,
				C1DB7BFD151869FE000E10BA /* TFVisualizer.h */,
				C1DB7C0715186E96000E10BA /* utils.h */,
				C1DB7C0815187220000E10BA /* ShaderManager.h */,
				C1DB7C091518722C000E10BA /* ShaderManager.cpp */,
			);
			path = TFShader;
			sourceTree = "<group>";
		};
		C1DB7BFE15186D31000E10BA /* shaders */ = {
			isa = PBXGroup;
			children = (
				C1DB7BFF15186D45000E10BA /* tf.vert */,
				C1DB7C0115186D4F000E10BA /* tf.frag */,
				C1859321151D8577003789A5 /* tf.geom */,
			);
			name = shaders;
			sourceTree = "<group>";
		};
/* End PBXGroup section */

/* Begin PBXNativeTarget section */
		C1DB7BE915186054000E10BA /* TFShader */ = {
			isa = PBXNativeTarget;
			buildConfigurationList = C1DB7BF415186054000E10BA /* Build configuration list for PBXNativeTarget "TFShader" */;
			buildPhases = (
				C1DB7BE615186054000E10BA /* Sources */,
				C1DB7BE715186054000E10BA /* Frameworks */,
				C1DB7BE815186054000E10BA /* CopyFiles */,
				C1DB7C0415186DA0000E10BA /* CopyFiles */,
			);
			buildRules = (
			);
			dependencies = (
			);
			name = TFShader;
			productName = TFShader;
			productReference = C1DB7BEA15186054000E10BA /* TFShader */;
			productType = "com.apple.product-type.tool";
		};
/* End PBXNativeTarget section */

/* Begin PBXProject section */
		C1DB7BE115186054000E10BA /* Project object */ = {
			isa = PBXProject;
			attributes = {
				LastUpgradeCheck = 0420;
				ORGANIZATIONNAME = Stanford;
			};
			buildConfigurationList = C1DB7BE415186054000E10BA /* Build configuration list for PBXProject "TFShader" */;
			compatibilityVersion = "Xcode 3.2";
			developmentRegion = English;
			hasScannedForEncodings = 0;
			knownRegions = (
				en,
			);
			mainGroup = C1DB7BDF15186054000E10BA;
			productRefGroup = C1DB7BEB15186054000E10BA /* Products */;
			projectDirPath = "";
			projectRoot = "";
			targets = (
				C1DB7BE915186054000E10BA /* TFShader */,
			);
		};
/* End PBXProject section */

/* Begin PBXSourcesBuildPhase section */
		C1DB7BE615186054000E10BA /* Sources */ = {
			isa = PBXSourcesBuildPhase;
			buildActionMask = 2147483647;
			files = (
				C1DB7BEF15186054000E10BA /* main.cpp in Sources */,
				C1DB7BFC151869ED000E10BA /* TFVisualizer.cpp in Sources */,
				C1DB7C0015186D45000E10BA /* tf.vert in Sources */,
				C1DB7C0215186D4F000E10BA /* tf.frag in Sources */,
				C1DB7C0A1518722C000E10BA /* ShaderManager.cpp in Sources */,
				C1859322151D8577003789A5 /* tf.geom in Sources */,
			);
			runOnlyForDeploymentPostprocessing = 0;
		};
/* End PBXSourcesBuildPhase section */

/* Begin XCBuildConfiguration section */
		C1DB7BF215186054000E10BA /* Debug */ = {
			isa = XCBuildConfiguration;
			buildSettings = {
				ALWAYS_SEARCH_USER_PATHS = NO;
				ARCHS = "$(ARCHS_STANDARD_64_BIT)";
				COPY_PHASE_STRIP = NO;
				GCC_C_LANGUAGE_STANDARD = gnu99;
				GCC_DYNAMIC_NO_PIC = NO;
				GCC_ENABLE_OBJC_EXCEPTIONS = YES;
				GCC_OPTIMIZATION_LEVEL = 0;
				GCC_PREPROCESSOR_DEFINITIONS = (
					"DEBUG=1",
					"$(inherited)",
				);
				GCC_SYMBOLS_PRIVATE_EXTERN = NO;
				GCC_VERSION = com.apple.compilers.llvm.clang.1_0;
				GCC_WARN_64_TO_32_BIT_CONVERSION = YES;
				GCC_WARN_ABOUT_MISSING_PROTOTYPES = YES;
				GCC_WARN_ABOUT_RETURN_TYPE = YES;
				GCC_WARN_UNUSED_VARIABLE = YES;
				MACOSX_DEPLOYMENT_TARGET = 10.6;
				ONLY_ACTIVE_ARCH = YES;
				SDKROOT = macosx;
			};
			name = Debug;
		};
		C1DB7BF315186054000E10BA /* Release */ = {
			isa = XCBuildConfiguration;
			buildSettings = {
				ALWAYS_SEARCH_USER_PATHS = NO;
				ARCHS = "$(ARCHS_STANDARD_64_BIT)";
				COPY_PHASE_STRIP = YES;
				DEBUG_INFORMATION_FORMAT = "dwarf-with-dsym";
				GCC_C_LANGUAGE_STANDARD = gnu99;
				GCC_ENABLE_OBJC_EXCEPTIONS = YES;
				GCC_VERSION = com.apple.compilers.llvm.clang.1_0;
				GCC_WARN_64_TO_32_BIT_CONVERSION = YES;
				GCC_WARN_ABOUT_MISSING_PROTOTYPES = YES;
				GCC_WARN_ABOUT_RETURN_TYPE = YES;
				GCC_WARN_UNUSED_VARIABLE = YES;
				MACOSX_DEPLOYMENT_TARGET = 10.6;
				SDKROOT = macosx;
			};
			name = Release;
		};
		C1DB7BF515186054000E10BA /* Debug */ = {
			isa = XCBuildConfiguration;
			buildSettings = {
				PRODUCT_NAME = "$(TARGET_NAME)";
			};
			name = Debug;
		};
		C1DB7BF615186054000E10BA /* Release */ = {
			isa = XCBuildConfiguration;
			buildSettings = {
				PRODUCT_NAME = "$(TARGET_NAME)";
			};
			name = Release;
		};
/* End XCBuildConfiguration section */

/* Begin XCConfigurationList section */
		C1DB7BE415186054000E10BA /* Build configuration list for PBXProject "TFShader" */ = {
			isa = XCConfigurationList;
			buildConfigurations = (
				C1DB7BF215186054000E10BA /* Debug */,
				C1DB7BF315186054000E10BA /* Release */,
			);
			defaultConfigurationIsVisible = 0;
			defaultConfigurationName = Release;
		};
		C1DB7BF415186054000E10BA /* Build configuration list for PBXNativeTarget "TFShader" */ = {
			isa = XCConfigurationList;
			buildConfigurations = (
				C1DB7BF515186054000E10BA /* Debug */,
				C1DB7BF615186054000E10BA /* Release */,
			);
			defaultConfigurationIsVisible = 0;
			defaultConfigurationName = Release;
		};
/* End XCConfigurationList section */
	};
	rootObject = C1DB7BE115186054000E10BA /* Project object */;
}
